// !$*UTF8*$!
{
	archiveVersion = 1;
	classes = {
	};
	objectVersion = 56;
	objects = {

/* Begin PBXBuildFile section */
		5C03EE0C2ACB3057005910C4 /* DetailView.swift in Sources */ = {isa = PBXBuildFile; fileRef = 5C03EE0B2ACB3057005910C4 /* DetailView.swift */; };
		5C06C9AE2ABEFDC30078CE91 /* Home.swift in Sources */ = {isa = PBXBuildFile; fileRef = 5C06C9AD2ABEFDC30078CE91 /* Home.swift */; };
		5C51D7C42B0D33B300C5CDDC /* Notes.swift in Sources */ = {isa = PBXBuildFile; fileRef = 5C51D7C32B0D33B300C5CDDC /* Notes.swift */; };
		5C6AF4642ABE20BA00883ECC /* CustomCorner.swift in Sources */ = {isa = PBXBuildFile; fileRef = 5C6AF4632ABE20BA00883ECC /* CustomCorner.swift */; };
		5C70A03F2ABC383A00EC4FC3 /* News_AppApp.swift in Sources */ = {isa = PBXBuildFile; fileRef = 5C70A03E2ABC383A00EC4FC3 /* News_AppApp.swift */; };
		5C70A0412ABC383A00EC4FC3 /* ContentView.swift in Sources */ = {isa = PBXBuildFile; fileRef = 5C70A0402ABC383A00EC4FC3 /* ContentView.swift */; };
		5C70A0432ABC383B00EC4FC3 /* Assets.xcassets in Resources */ = {isa = PBXBuildFile; fileRef = 5C70A0422ABC383B00EC4FC3 /* Assets.xcassets */; };
		5C70A0462ABC383B00EC4FC3 /* Preview Assets.xcassets in Resources */ = {isa = PBXBuildFile; fileRef = 5C70A0452ABC383B00EC4FC3 /* Preview Assets.xcassets */; };
		5C70A04E2ABC3A0B00EC4FC3 /* News.swift in Sources */ = {isa = PBXBuildFile; fileRef = 5C70A04D2ABC3A0B00EC4FC3 /* News.swift */; };
		5C70A0512ABC4F5900EC4FC3 /* HomeVM.swift in Sources */ = {isa = PBXBuildFile; fileRef = 5C70A0502ABC4F5900EC4FC3 /* HomeVM.swift */; };
		5C70A0562ABC57F400EC4FC3 /* NewsDataService.swift in Sources */ = {isa = PBXBuildFile; fileRef = 5C70A0552ABC57F400EC4FC3 /* NewsDataService.swift */; };
		5C865E972AC092AE002ED629 /* Date.swift in Sources */ = {isa = PBXBuildFile; fileRef = 5C865E962AC092AE002ED629 /* Date.swift */; };
		5CAA4D3E2ABDDC1A008EFBB5 /* MainView.swift in Sources */ = {isa = PBXBuildFile; fileRef = 5CAA4D3D2ABDDC1A008EFBB5 /* MainView.swift */; };
		5CAA4D402ABDDC56008EFBB5 /* Tab.swift in Sources */ = {isa = PBXBuildFile; fileRef = 5CAA4D3F2ABDDC56008EFBB5 /* Tab.swift */; };
		5CBEF0F82B0D3873003EFD59 /* NotesView.swift in Sources */ = {isa = PBXBuildFile; fileRef = 5CBEF0F72B0D3873003EFD59 /* NotesView.swift */; };
		5CC639FD2B14A80D00882FCB /* NoteCardView.swift in Sources */ = {isa = PBXBuildFile; fileRef = 5CC639FC2B14A80D00882FCB /* NoteCardView.swift */; };
		5CC834572B0DEF48005C830B /* GroupedNote.swift in Sources */ = {isa = PBXBuildFile; fileRef = 5CC834562B0DEF48005C830B /* GroupedNote.swift */; };
		5CD19CB62AC4628E0038DB4A /* CachedAsyncImage in Frameworks */ = {isa = PBXBuildFile; productRef = 5CD19CB52AC4628E0038DB4A /* CachedAsyncImage */; };
		5CD5EE9A2B0E7F4D00F61B81 /* AddNotesView.swift in Sources */ = {isa = PBXBuildFile; fileRef = 5CD5EE992B0E7F4D00F61B81 /* AddNotesView.swift */; };
		5CEE3F322AC03F9100359B9F /* NewsRowView.swift in Sources */ = {isa = PBXBuildFile; fileRef = 5CEE3F312AC03F9100359B9F /* NewsRowView.swift */; };
		5CEE3F352AC0405C00359B9F /* PreviewProvider.swift in Sources */ = {isa = PBXBuildFile; fileRef = 5CEE3F342AC0405C00359B9F /* PreviewProvider.swift */; };
		5CFF81D82ACFF71E00751C83 /* SharedData.swift in Sources */ = {isa = PBXBuildFile; fileRef = 5CFF81D72ACFF71E00751C83 /* SharedData.swift */; };
/* End PBXBuildFile section */

/* Begin PBXFileReference section */
		5C03EE0B2ACB3057005910C4 /* DetailView.swift */ = {isa = PBXFileReference; lastKnownFileType = sourcecode.swift; path = DetailView.swift; sourceTree = "<group>"; };
		5C06C9AD2ABEFDC30078CE91 /* Home.swift */ = {isa = PBXFileReference; lastKnownFileType = sourcecode.swift; path = Home.swift; sourceTree = "<group>"; };
		5C51D7C32B0D33B300C5CDDC /* Notes.swift */ = {isa = PBXFileReference; lastKnownFileType = sourcecode.swift; path = Notes.swift; sourceTree = "<group>"; };
		5C6AF4632ABE20BA00883ECC /* CustomCorner.swift */ = {isa = PBXFileReference; lastKnownFileType = sourcecode.swift; path = CustomCorner.swift; sourceTree = "<group>"; };
		5C70A03B2ABC383A00EC4FC3 /* News App.app */ = {isa = PBXFileReference; explicitFileType = wrapper.application; includeInIndex = 0; path = "News App.app"; sourceTree = BUILT_PRODUCTS_DIR; };
		5C70A03E2ABC383A00EC4FC3 /* News_AppApp.swift */ = {isa = PBXFileReference; lastKnownFileType = sourcecode.swift; path = News_AppApp.swift; sourceTree = "<group>"; };
		5C70A0402ABC383A00EC4FC3 /* ContentView.swift */ = {isa = PBXFileReference; lastKnownFileType = sourcecode.swift; path = ContentView.swift; sourceTree = "<group>"; };
		5C70A0422ABC383B00EC4FC3 /* Assets.xcassets */ = {isa = PBXFileReference; lastKnownFileType = folder.assetcatalog; path = Assets.xcassets; sourceTree = "<group>"; };
		5C70A0452ABC383B00EC4FC3 /* Preview Assets.xcassets */ = {isa = PBXFileReference; lastKnownFileType = folder.assetcatalog; path = "Preview Assets.xcassets"; sourceTree = "<group>"; };
		5C70A04D2ABC3A0B00EC4FC3 /* News.swift */ = {isa = PBXFileReference; lastKnownFileType = sourcecode.swift; path = News.swift; sourceTree = "<group>"; };
		5C70A0502ABC4F5900EC4FC3 /* HomeVM.swift */ = {isa = PBXFileReference; lastKnownFileType = sourcecode.swift; path = HomeVM.swift; sourceTree = "<group>"; };
		5C70A0552ABC57F400EC4FC3 /* NewsDataService.swift */ = {isa = PBXFileReference; lastKnownFileType = sourcecode.swift; path = NewsDataService.swift; sourceTree = "<group>"; };
		5C865E962AC092AE002ED629 /* Date.swift */ = {isa = PBXFileReference; lastKnownFileType = sourcecode.swift; path = Date.swift; sourceTree = "<group>"; };
		5CAA4D3D2ABDDC1A008EFBB5 /* MainView.swift */ = {isa = PBXFileReference; lastKnownFileType = sourcecode.swift; path = MainView.swift; sourceTree = "<group>"; };
		5CAA4D3F2ABDDC56008EFBB5 /* Tab.swift */ = {isa = PBXFileReference; lastKnownFileType = sourcecode.swift; path = Tab.swift; sourceTree = "<group>"; };
		5CBEF0F72B0D3873003EFD59 /* NotesView.swift */ = {isa = PBXFileReference; lastKnownFileType = sourcecode.swift; path = NotesView.swift; sourceTree = "<group>"; };
		5CC639FC2B14A80D00882FCB /* NoteCardView.swift */ = {isa = PBXFileReference; lastKnownFileType = sourcecode.swift; path = NoteCardView.swift; sourceTree = "<group>"; };
		5CC834562B0DEF48005C830B /* GroupedNote.swift */ = {isa = PBXFileReference; lastKnownFileType = sourcecode.swift; path = GroupedNote.swift; sourceTree = "<group>"; };
		5CD5EE992B0E7F4D00F61B81 /* AddNotesView.swift */ = {isa = PBXFileReference; lastKnownFileType = sourcecode.swift; path = AddNotesView.swift; sourceTree = "<group>"; };
		5CEE3F312AC03F9100359B9F /* NewsRowView.swift */ = {isa = PBXFileReference; lastKnownFileType = sourcecode.swift; path = NewsRowView.swift; sourceTree = "<group>"; };
		5CEE3F342AC0405C00359B9F /* PreviewProvider.swift */ = {isa = PBXFileReference; lastKnownFileType = sourcecode.swift; path = PreviewProvider.swift; sourceTree = "<group>"; };
		5CFF81D72ACFF71E00751C83 /* SharedData.swift */ = {isa = PBXFileReference; lastKnownFileType = sourcecode.swift; path = SharedData.swift; sourceTree = "<group>"; };
/* End PBXFileReference section */

/* Begin PBXFrameworksBuildPhase section */
		5C70A0382ABC383A00EC4FC3 /* Frameworks */ = {
			isa = PBXFrameworksBuildPhase;
			buildActionMask = 2147483647;
			files = (
				5CD19CB62AC4628E0038DB4A /* CachedAsyncImage in Frameworks */,
			);
			runOnlyForDeploymentPostprocessing = 0;
		};
/* End PBXFrameworksBuildPhase section */

/* Begin PBXGroup section */
		5C70A0322ABC383A00EC4FC3 = {
			isa = PBXGroup;
			children = (
				5C70A03D2ABC383A00EC4FC3 /* News App */,
				5C70A03C2ABC383A00EC4FC3 /* Products */,
			);
			sourceTree = "<group>";
		};
		5C70A03C2ABC383A00EC4FC3 /* Products */ = {
			isa = PBXGroup;
			children = (
				5C70A03B2ABC383A00EC4FC3 /* News App.app */,
			);
			name = Products;
			sourceTree = "<group>";
		};
		5C70A03D2ABC383A00EC4FC3 /* News App */ = {
			isa = PBXGroup;
			children = (
				5CEE3F332AC0402900359B9F /* Extensions */,
				5C70A0542ABC57D400EC4FC3 /* Services */,
				5C70A04C2ABC38F100EC4FC3 /* Models */,
				5C70A04F2ABC4EA800EC4FC3 /* ViewModels */,
				5C70A0522ABC519600EC4FC3 /* Views */,
				5C70A0402ABC383A00EC4FC3 /* ContentView.swift */,
				5C70A03E2ABC383A00EC4FC3 /* News_AppApp.swift */,
				5C70A0422ABC383B00EC4FC3 /* Assets.xcassets */,
				5C70A0442ABC383B00EC4FC3 /* Preview Content */,
			);
			path = "News App";
			sourceTree = "<group>";
		};
		5C70A0442ABC383B00EC4FC3 /* Preview Content */ = {
			isa = PBXGroup;
			children = (
				5C70A0452ABC383B00EC4FC3 /* Preview Assets.xcassets */,
			);
			path = "Preview Content";
			sourceTree = "<group>";
		};
		5C70A04C2ABC38F100EC4FC3 /* Models */ = {
			isa = PBXGroup;
			children = (
				5C70A04D2ABC3A0B00EC4FC3 /* News.swift */,
				5CAA4D3F2ABDDC56008EFBB5 /* Tab.swift */,
				5CFF81D72ACFF71E00751C83 /* SharedData.swift */,
				5C51D7C32B0D33B300C5CDDC /* Notes.swift */,
				5CC834562B0DEF48005C830B /* GroupedNote.swift */,
			);
			path = Models;
			sourceTree = "<group>";
		};
		5C70A04F2ABC4EA800EC4FC3 /* ViewModels */ = {
			isa = PBXGroup;
			children = (
				5C70A0502ABC4F5900EC4FC3 /* HomeVM.swift */,
			);
			path = ViewModels;
			sourceTree = "<group>";
		};
		5C70A0522ABC519600EC4FC3 /* Views */ = {
			isa = PBXGroup;
			children = (
				5CAA4D3D2ABDDC1A008EFBB5 /* MainView.swift */,
				5C6AF4632ABE20BA00883ECC /* CustomCorner.swift */,
				5C06C9AD2ABEFDC30078CE91 /* Home.swift */,
				5CEE3F312AC03F9100359B9F /* NewsRowView.swift */,
				5C03EE0B2ACB3057005910C4 /* DetailView.swift */,
				5CBEF0F72B0D3873003EFD59 /* NotesView.swift */,
				5CD5EE992B0E7F4D00F61B81 /* AddNotesView.swift */,
				5CC639FC2B14A80D00882FCB /* NoteCardView.swift */,
			);
			path = Views;
			sourceTree = "<group>";
		};
		5C70A0542ABC57D400EC4FC3 /* Services */ = {
			isa = PBXGroup;
			children = (
				5C70A0552ABC57F400EC4FC3 /* NewsDataService.swift */,
			);
			path = Services;
			sourceTree = "<group>";
		};
		5CEE3F332AC0402900359B9F /* Extensions */ = {
			isa = PBXGroup;
			children = (
				5CEE3F342AC0405C00359B9F /* PreviewProvider.swift */,
				5C865E962AC092AE002ED629 /* Date.swift */,
			);
			path = Extensions;
			sourceTree = "<group>";
		};
/* End PBXGroup section */

/* Begin PBXNativeTarget section */
		5C70A03A2ABC383A00EC4FC3 /* News App */ = {
			isa = PBXNativeTarget;
			buildConfigurationList = 5C70A0492ABC383B00EC4FC3 /* Build configuration list for PBXNativeTarget "News App" */;
			buildPhases = (
				5C70A0372ABC383A00EC4FC3 /* Sources */,
				5C70A0382ABC383A00EC4FC3 /* Frameworks */,
				5C70A0392ABC383A00EC4FC3 /* Resources */,
			);
			buildRules = (
			);
			dependencies = (
			);
			name = "News App";
			packageProductDependencies = (
				5CD19CB52AC4628E0038DB4A /* CachedAsyncImage */,
			);
			productName = "News App";
			productReference = 5C70A03B2ABC383A00EC4FC3 /* News App.app */;
			productType = "com.apple.product-type.application";
		};
/* End PBXNativeTarget section */

/* Begin PBXProject section */
		5C70A0332ABC383A00EC4FC3 /* Project object */ = {
			isa = PBXProject;
			attributes = {
				BuildIndependentTargetsInParallel = 1;
				LastSwiftUpdateCheck = 1430;
				LastUpgradeCheck = 1430;
				TargetAttributes = {
					5C70A03A2ABC383A00EC4FC3 = {
						CreatedOnToolsVersion = 14.3.1;
					};
				};
			};
			buildConfigurationList = 5C70A0362ABC383A00EC4FC3 /* Build configuration list for PBXProject "News App" */;
			compatibilityVersion = "Xcode 14.0";
			developmentRegion = en;
			hasScannedForEncodings = 0;
			knownRegions = (
				en,
				Base,
			);
			mainGroup = 5C70A0322ABC383A00EC4FC3;
			packageReferences = (
				5CD19CB42AC4628D0038DB4A /* XCRemoteSwiftPackageReference "swiftui-cached-async-image" */,
			);
			productRefGroup = 5C70A03C2ABC383A00EC4FC3 /* Products */;
			projectDirPath = "";
			projectRoot = "";
			targets = (
				5C70A03A2ABC383A00EC4FC3 /* News App */,
			);
		};
/* End PBXProject section */

/* Begin PBXResourcesBuildPhase section */
		5C70A0392ABC383A00EC4FC3 /* Resources */ = {
			isa = PBXResourcesBuildPhase;
			buildActionMask = 2147483647;
			files = (
				5C70A0462ABC383B00EC4FC3 /* Preview Assets.xcassets in Resources */,
				5C70A0432ABC383B00EC4FC3 /* Assets.xcassets in Resources */,
			);
			runOnlyForDeploymentPostprocessing = 0;
		};
/* End PBXResourcesBuildPhase section */

/* Begin PBXSourcesBuildPhase section */
		5C70A0372ABC383A00EC4FC3 /* Sources */ = {
			isa = PBXSourcesBuildPhase;
			buildActionMask = 2147483647;
			files = (
				5CEE3F322AC03F9100359B9F /* NewsRowView.swift in Sources */,
				5C70A0562ABC57F400EC4FC3 /* NewsDataService.swift in Sources */,
				5C6AF4642ABE20BA00883ECC /* CustomCorner.swift in Sources */,
				5CAA4D3E2ABDDC1A008EFBB5 /* MainView.swift in Sources */,
				5C70A04E2ABC3A0B00EC4FC3 /* News.swift in Sources */,
				5C06C9AE2ABEFDC30078CE91 /* Home.swift in Sources */,
				5CEE3F352AC0405C00359B9F /* PreviewProvider.swift in Sources */,
				5C03EE0C2ACB3057005910C4 /* DetailView.swift in Sources */,
				5CFF81D82ACFF71E00751C83 /* SharedData.swift in Sources */,
				5C865E972AC092AE002ED629 /* Date.swift in Sources */,
				5CC834572B0DEF48005C830B /* GroupedNote.swift in Sources */,
				5C70A0412ABC383A00EC4FC3 /* ContentView.swift in Sources */,
				5C51D7C42B0D33B300C5CDDC /* Notes.swift in Sources */,
				5C70A03F2ABC383A00EC4FC3 /* News_AppApp.swift in Sources */,
				5CC639FD2B14A80D00882FCB /* NoteCardView.swift in Sources */,
				5C70A0512ABC4F5900EC4FC3 /* HomeVM.swift in Sources */,
				5CBEF0F82B0D3873003EFD59 /* NotesView.swift in Sources */,
				5CD5EE9A2B0E7F4D00F61B81 /* AddNotesView.swift in Sources */,
				5CAA4D402ABDDC56008EFBB5 /* Tab.swift in Sources */,
			);
			runOnlyForDeploymentPostprocessing = 0;
		};
/* End PBXSourcesBuildPhase section */

/* Begin XCBuildConfiguration section */
		5C70A0472ABC383B00EC4FC3 /* Debug */ = {
			isa = XCBuildConfiguration;
			buildSettings = {
				ALWAYS_SEARCH_USER_PATHS = NO;
				CLANG_ANALYZER_NONNULL = YES;
				CLANG_ANALYZER_NUMBER_OBJECT_CONVERSION = YES_AGGRESSIVE;
				CLANG_CXX_LANGUAGE_STANDARD = "gnu++20";
				CLANG_ENABLE_MODULES = YES;
				CLANG_ENABLE_OBJC_ARC = YES;
				CLANG_ENABLE_OBJC_WEAK = YES;
				CLANG_WARN_BLOCK_CAPTURE_AUTORELEASING = YES;
				CLANG_WARN_BOOL_CONVERSION = YES;
				CLANG_WARN_COMMA = YES;
				CLANG_WARN_CONSTANT_CONVERSION = YES;
				CLANG_WARN_DEPRECATED_OBJC_IMPLEMENTATIONS = YES;
				CLANG_WARN_DIRECT_OBJC_ISA_USAGE = YES_ERROR;
				CLANG_WARN_DOCUMENTATION_COMMENTS = YES;
				CLANG_WARN_EMPTY_BODY = YES;
				CLANG_WARN_ENUM_CONVERSION = YES;
				CLANG_WARN_INFINITE_RECURSION = YES;
				CLANG_WARN_INT_CONVERSION = YES;
				CLANG_WARN_NON_LITERAL_NULL_CONVERSION = YES;
				CLANG_WARN_OBJC_IMPLICIT_RETAIN_SELF = YES;
				CLANG_WARN_OBJC_LITERAL_CONVERSION = YES;
				CLANG_WARN_OBJC_ROOT_CLASS = YES_ERROR;
				CLANG_WARN_QUOTED_INCLUDE_IN_FRAMEWORK_HEADER = YES;
				CLANG_WARN_RANGE_LOOP_ANALYSIS = YES;
				CLANG_WARN_STRICT_PROTOTYPES = YES;
				CLANG_WARN_SUSPICIOUS_MOVE = YES;
				CLANG_WARN_UNGUARDED_AVAILABILITY = YES_AGGRESSIVE;
				CLANG_WARN_UNREACHABLE_CODE = YES;
				CLANG_WARN__DUPLICATE_METHOD_MATCH = YES;
				COPY_PHASE_STRIP = NO;
				DEBUG_INFORMATION_FORMAT = dwarf;
				ENABLE_STRICT_OBJC_MSGSEND = YES;
				ENABLE_TESTABILITY = YES;
				GCC_C_LANGUAGE_STANDARD = gnu11;
				GCC_DYNAMIC_NO_PIC = NO;
				GCC_NO_COMMON_BLOCKS = YES;
				GCC_OPTIMIZATION_LEVEL = 0;
				GCC_PREPROCESSOR_DEFINITIONS = (
					"DEBUG=1",
					"$(inherited)",
				);
				GCC_WARN_64_TO_32_BIT_CONVERSION = YES;
				GCC_WARN_ABOUT_RETURN_TYPE = YES_ERROR;
				GCC_WARN_UNDECLARED_SELECTOR = YES;
				GCC_WARN_UNINITIALIZED_AUTOS = YES_AGGRESSIVE;
				GCC_WARN_UNUSED_FUNCTION = YES;
				GCC_WARN_UNUSED_VARIABLE = YES;
				IPHONEOS_DEPLOYMENT_TARGET = 17.0;
				MTL_ENABLE_DEBUG_INFO = INCLUDE_SOURCE;
				MTL_FAST_MATH = YES;
				ONLY_ACTIVE_ARCH = YES;
				SDKROOT = iphoneos;
				SWIFT_ACTIVE_COMPILATION_CONDITIONS = DEBUG;
				SWIFT_OPTIMIZATION_LEVEL = "-Onone";
			};
			name = Debug;
		};
		5C70A0482ABC383B00EC4FC3 /* Release */ = {
			isa = XCBuildConfiguration;
			buildSettings = {
				ALWAYS_SEARCH_USER_PATHS = NO;
				CLANG_ANALYZER_NONNULL = YES;
				CLANG_ANALYZER_NUMBER_OBJECT_CONVERSION = YES_AGGRESSIVE;
				CLANG_CXX_LANGUAGE_STANDARD = "gnu++20";
				CLANG_ENABLE_MODULES = YES;
				CLANG_ENABLE_OBJC_ARC = YES;
				CLANG_ENABLE_OBJC_WEAK = YES;
				CLANG_WARN_BLOCK_CAPTURE_AUTORELEASING = YES;
				CLANG_WARN_BOOL_CONVERSION = YES;
				CLANG_WARN_COMMA = YES;
				CLANG_WARN_CONSTANT_CONVERSION = YES;
				CLANG_WARN_DEPRECATED_OBJC_IMPLEMENTATIONS = YES;
				CLANG_WARN_DIRECT_OBJC_ISA_USAGE = YES_ERROR;
				CLANG_WARN_DOCUMENTATION_COMMENTS = YES;
				CLANG_WARN_EMPTY_BODY = YES;
				CLANG_WARN_ENUM_CONVERSION = YES;
				CLANG_WARN_INFINITE_RECURSION = YES;
				CLANG_WARN_INT_CONVERSION = YES;
				CLANG_WARN_NON_LITERAL_NULL_CONVERSION = YES;
				CLANG_WARN_OBJC_IMPLICIT_RETAIN_SELF = YES;
				CLANG_WARN_OBJC_LITERAL_CONVERSION = YES;
				CLANG_WARN_OBJC_ROOT_CLASS = YES_ERROR;
				CLANG_WARN_QUOTED_INCLUDE_IN_FRAMEWORK_HEADER = YES;
				CLANG_WARN_RANGE_LOOP_ANALYSIS = YES;
				CLANG_WARN_STRICT_PROTOTYPES = YES;
				CLANG_WARN_SUSPICIOUS_MOVE = YES;
				CLANG_WARN_UNGUARDED_AVAILABILITY = YES_AGGRESSIVE;
				CLANG_WARN_UNREACHABLE_CODE = YES;
				CLANG_WARN__DUPLICATE_METHOD_MATCH = YES;
				COPY_PHASE_STRIP = NO;
				DEBUG_INFORMATION_FORMAT = "dwarf-with-dsym";
				ENABLE_NS_ASSERTIONS = NO;
				ENABLE_STRICT_OBJC_MSGSEND = YES;
				GCC_C_LANGUAGE_STANDARD = gnu11;
				GCC_NO_COMMON_BLOCKS = YES;
				GCC_WARN_64_TO_32_BIT_CONVERSION = YES;
				GCC_WARN_ABOUT_RETURN_TYPE = YES_ERROR;
				GCC_WARN_UNDECLARED_SELECTOR = YES;
				GCC_WARN_UNINITIALIZED_AUTOS = YES_AGGRESSIVE;
				GCC_WARN_UNUSED_FUNCTION = YES;
				GCC_WARN_UNUSED_VARIABLE = YES;
				IPHONEOS_DEPLOYMENT_TARGET = 17.0;
				MTL_ENABLE_DEBUG_INFO = NO;
				MTL_FAST_MATH = YES;
				SDKROOT = iphoneos;
				SWIFT_COMPILATION_MODE = wholemodule;
				SWIFT_OPTIMIZATION_LEVEL = "-O";
				VALIDATE_PRODUCT = YES;
			};
			name = Release;
		};
		5C70A04A2ABC383B00EC4FC3 /* Debug */ = {
			isa = XCBuildConfiguration;
			buildSettings = {
				ASSETCATALOG_COMPILER_APPICON_NAME = AppIcon;
				ASSETCATALOG_COMPILER_GLOBAL_ACCENT_COLOR_NAME = AccentColor;
				CODE_SIGN_STYLE = Automatic;
				CURRENT_PROJECT_VERSION = 1;
				DEVELOPMENT_ASSET_PATHS = "\"News App/Preview Content\"";
				ENABLE_PREVIEWS = YES;
				GENERATE_INFOPLIST_FILE = YES;
				INFOPLIST_KEY_UIApplicationSceneManifest_Generation = YES;
				INFOPLIST_KEY_UIApplicationSupportsIndirectInputEvents = YES;
				INFOPLIST_KEY_UILaunchScreen_Generation = YES;
				INFOPLIST_KEY_UISupportedInterfaceOrientations_iPad = "UIInterfaceOrientationPortrait UIInterfaceOrientationPortraitUpsideDown UIInterfaceOrientationLandscapeLeft UIInterfaceOrientationLandscapeRight";
				INFOPLIST_KEY_UISupportedInterfaceOrientations_iPhone = "UIInterfaceOrientationPortrait UIInterfaceOrientationLandscapeLeft UIInterfaceOrientationLandscapeRight";
				LD_RUNPATH_SEARCH_PATHS = (
					"$(inherited)",
					"@executable_path/Frameworks",
				);
				MARKETING_VERSION = 1.0;
				PRODUCT_BUNDLE_IDENTIFIER = "com.evgeny.News-App";
				PRODUCT_NAME = "$(TARGET_NAME)";
				SWIFT_EMIT_LOC_STRINGS = YES;
				SWIFT_VERSION = 5.0;
				TARGETED_DEVICE_FAMILY = "1,2";
			};
			name = Debug;
		};
		5C70A04B2ABC383B00EC4FC3 /* Release */ = {
			isa = XCBuildConfiguration;
			buildSettings = {
				ASSETCATALOG_COMPILER_APPICON_NAME = AppIcon;
				ASSETCATALOG_COMPILER_GLOBAL_ACCENT_COLOR_NAME = AccentColor;
				CODE_SIGN_STYLE = Automatic;
				CURRENT_PROJECT_VERSION = 1;
				DEVELOPMENT_ASSET_PATHS = "\"News App/Preview Content\"";
				ENABLE_PREVIEWS = YES;
				GENERATE_INFOPLIST_FILE = YES;
				INFOPLIST_KEY_UIApplicationSceneManifest_Generation = YES;
				INFOPLIST_KEY_UIApplicationSupportsIndirectInputEvents = YES;
				INFOPLIST_KEY_UILaunchScreen_Generation = YES;
				INFOPLIST_KEY_UISupportedInterfaceOrientations_iPad = "UIInterfaceOrientationPortrait UIInterfaceOrientationPortraitUpsideDown UIInterfaceOrientationLandscapeLeft UIInterfaceOrientationLandscapeRight";
				INFOPLIST_KEY_UISupportedInterfaceOrientations_iPhone = "UIInterfaceOrientationPortrait UIInterfaceOrientationLandscapeLeft UIInterfaceOrientationLandscapeRight";
				LD_RUNPATH_SEARCH_PATHS = (
					"$(inherited)",
					"@executable_path/Frameworks",
				);
				MARKETING_VERSION = 1.0;
				PRODUCT_BUNDLE_IDENTIFIER = "com.evgeny.News-App";
				PRODUCT_NAME = "$(TARGET_NAME)";
				SWIFT_EMIT_LOC_STRINGS = YES;
				SWIFT_VERSION = 5.0;
				TARGETED_DEVICE_FAMILY = "1,2";
			};
			name = Release;
		};
/* End XCBuildConfiguration section */

/* Begin XCConfigurationList section */
		5C70A0362ABC383A00EC4FC3 /* Build configuration list for PBXProject "News App" */ = {
			isa = XCConfigurationList;
			buildConfigurations = (
				5C70A0472ABC383B00EC4FC3 /* Debug */,
				5C70A0482ABC383B00EC4FC3 /* Release */,
			);
			defaultConfigurationIsVisible = 0;
			defaultConfigurationName = Release;
		};
		5C70A0492ABC383B00EC4FC3 /* Build configuration list for PBXNativeTarget "News App" */ = {
			isa = XCConfigurationList;
			buildConfigurations = (
				5C70A04A2ABC383B00EC4FC3 /* Debug */,
				5C70A04B2ABC383B00EC4FC3 /* Release */,
			);
			defaultConfigurationIsVisible = 0;
			defaultConfigurationName = Release;
		};
/* End XCConfigurationList section */

/* Begin XCRemoteSwiftPackageReference section */
		5CD19CB42AC4628D0038DB4A /* XCRemoteSwiftPackageReference "swiftui-cached-async-image" */ = {
			isa = XCRemoteSwiftPackageReference;
			repositoryURL = "https://github.com/lorenzofiamingo/swiftui-cached-async-image";
			requirement = {
				kind = upToNextMajorVersion;
				minimumVersion = 2.0.0;
			};
		};
/* End XCRemoteSwiftPackageReference section */

/* Begin XCSwiftPackageProductDependency section */
		5CD19CB52AC4628E0038DB4A /* CachedAsyncImage */ = {
			isa = XCSwiftPackageProductDependency;
			package = 5CD19CB42AC4628D0038DB4A /* XCRemoteSwiftPackageReference "swiftui-cached-async-image" */;
			productName = CachedAsyncImage;
		};
/* End XCSwiftPackageProductDependency section */
	};
	rootObject = 5C70A0332ABC383A00EC4FC3 /* Project object */;
}
